
Microsoft Visual Studio Solution File, Format Version 12.00
# Visual Studio Version 17
VisualStudioVersion = 17.7.34024.191
MinimumVisualStudioVersion = 10.0.40219.1
Project("{FAE04EC0-301F-11D3-BF4B-00C04F79EFBC}") = "Mikroservice uge 2", "Mikroservice uge 2\Mikroservice uge 2.csproj", "{920AE01E-2CF5-41EE-B1E9-A4FC77E362F0}"
EndProject
Global
	GlobalSection(SolutionConfigurationPlatforms) = preSolution
		Debug|Any CPU = Debug|Any CPU
		Release|Any CPU = Release|Any CPU
	EndGlobalSection
	GlobalSection(ProjectConfigurationPlatforms) = postSolution
		{920AE01E-2CF5-41EE-B1E9-A4FC77E362F0}.Debug|Any CPU.ActiveCfg = Debug|Any CPU
		{920AE01E-2CF5-41EE-B1E9-A4FC77E362F0}.Debug|Any CPU.Build.0 = Debug|Any CPU
		{920AE01E-2CF5-41EE-B1E9-A4FC77E362F0}.Release|Any CPU.ActiveCfg = Release|Any CPU
		{920AE01E-2CF5-41EE-B1E9-A4FC77E362F0}.Release|Any CPU.Build.0 = Release|Any CPU
	EndGlobalSection
	GlobalSection(SolutionProperties) = preSolution
		HideSolutionNode = FALSE
	EndGlobalSection
	GlobalSection(ExtensibilityGlobals) = postSolution
		SolutionGuid = {37EEC41B-0478-4B25-8368-BDFE67C46F36}
	EndGlobalSection
EndGlobal
